# This file is automatically @generated by Cargo.
# It is not intended for manual editing.
version = 4

[[package]]
name = "aoclib"
version = "0.1.0"
source = "git+https://github.com/UncleScientist/aoclib-rs.git#027fa39b205286ee5c652ede45f511ad240957dd"

[[package]]
name = "quest3"
version = "0.1.0"
dependencies = [
 "aoclib",
]
